
Microsoft Visual Studio Solution File, Format Version 12.00
# Visual Studio 14
VisualStudioVersion = 14.0.23107.0
MinimumVisualStudioVersion = 10.0.40219.1
Project("{FAE04EC0-301F-11D3-BF4B-00C04F79EFBC}") = "MontyHallProblemi", "MontyHallProblemi\MontyHallProblemi.csproj", "{E5555CDD-8CE5-4C00-BD26-66FB587DB88C}"
EndProject
Global
	GlobalSection(SolutionConfigurationPlatforms) = preSolution
		Debug|Any CPU = Debug|Any CPU
		Release|Any CPU = Release|Any CPU
	EndGlobalSection
	GlobalSection(ProjectConfigurationPlatforms) = postSolution
		{E5555CDD-8CE5-4C00-BD26-66FB587DB88C}.Debug|Any CPU.ActiveCfg = Debug|Any CPU
		{E5555CDD-8CE5-4C00-BD26-66FB587DB88C}.Debug|Any CPU.Build.0 = Debug|Any CPU
		{E5555CDD-8CE5-4C00-BD26-66FB587DB88C}.Release|Any CPU.ActiveCfg = Release|Any CPU
		{E5555CDD-8CE5-4C00-BD26-66FB587DB88C}.Release|Any CPU.Build.0 = Release|Any CPU
	EndGlobalSection
	GlobalSection(SolutionProperties) = preSolution
		HideSolutionNode = FALSE
	EndGlobalSection
EndGlobal
